
Microsoft Visual Studio Solution File, Format Version 12.00
# Visual Studio Version 17
VisualStudioVersion = 17.8.34511.84
MinimumVisualStudioVersion = 10.0.40219.1
Project("{FAE04EC0-301F-11D3-BF4B-00C04F79EFBC}") = "NieruchApp.Client", "NieruchApp.Client.csproj", "{1341C59C-9F84-49CE-9D5F-384CBDC5CAB0}"
EndProject
Global
	GlobalSection(SolutionConfigurationPlatforms) = preSolution
		Debug|Any CPU = Debug|Any CPU
		Release|Any CPU = Release|Any CPU
	EndGlobalSection
	GlobalSection(ProjectConfigurationPlatforms) = postSolution
		{1341C59C-9F84-49CE-9D5F-384CBDC5CAB0}.Debug|Any CPU.ActiveCfg = Debug|Any CPU
		{1341C59C-9F84-49CE-9D5F-384CBDC5CAB0}.Debug|Any CPU.Build.0 = Debug|Any CPU
		{1341C59C-9F84-49CE-9D5F-384CBDC5CAB0}.Release|Any CPU.ActiveCfg = Release|Any CPU
		{1341C59C-9F84-49CE-9D5F-384CBDC5CAB0}.Release|Any CPU.Build.0 = Release|Any CPU
	EndGlobalSection
	GlobalSection(SolutionProperties) = preSolution
		HideSolutionNode = FALSE
	EndGlobalSection
	GlobalSection(ExtensibilityGlobals) = postSolution
		SolutionGuid = {8D4B83E2-A8CA-43AE-BB07-876AF859E220}
	EndGlobalSection
EndGlobal
